
Microsoft Visual Studio Solution File, Format Version 12.00
# Visual Studio 2012
Project("{8BC9CEB8-8B4A-11D0-8D11-00A0C91BC942}") = "testopenvc", "testopenvc\testopenvc.vcxproj", "{0CA65B6C-3773-4D3C-9C60-E3B8FD5144A1}"
EndProject
Global
	GlobalSection(SolutionConfigurationPlatforms) = preSolution
		Debug|Win32 = Debug|Win32
		Release|Win32 = Release|Win32
	EndGlobalSection
	GlobalSection(ProjectConfigurationPlatforms) = postSolution
		{0CA65B6C-3773-4D3C-9C60-E3B8FD5144A1}.Debug|Win32.ActiveCfg = Debug|Win32
		{0CA65B6C-3773-4D3C-9C60-E3B8FD5144A1}.Debug|Win32.Build.0 = Debug|Win32
		{0CA65B6C-3773-4D3C-9C60-E3B8FD5144A1}.Release|Win32.ActiveCfg = Release|Win32
		{0CA65B6C-3773-4D3C-9C60-E3B8FD5144A1}.Release|Win32.Build.0 = Release|Win32
	EndGlobalSection
	GlobalSection(SolutionProperties) = preSolution
		HideSolutionNode = FALSE
	EndGlobalSection
EndGlobal
